
Microsoft Visual Studio Solution File, Format Version 12.00
# Visual Studio Version 17
VisualStudioVersion = 17.6.33829.357
MinimumVisualStudioVersion = 10.0.40219.1
Project("{FAE04EC0-301F-11D3-BF4B-00C04F79EFBC}") = "ejemplo1", "ejemplo1\ejemplo1.csproj", "{0B4C82B6-2877-4BA3-99C2-ADDFE780AA93}"
EndProject
Project("{FAE04EC0-301F-11D3-BF4B-00C04F79EFBC}") = "ejemploVenta", "ejemploVenta\ejemploVenta.csproj", "{D5757BD1-7E3C-484D-A0E3-42CB60534AF7}"
EndProject
Project("{FAE04EC0-301F-11D3-BF4B-00C04F79EFBC}") = "ejemploConstructor", "ejemploConstructor\ejemploConstructor.csproj", "{37E74D2B-31B7-4BEC-B57B-654ED2F0F703}"
EndProject
Project("{FAE04EC0-301F-11D3-BF4B-00C04F79EFBC}") = "ejemploMetodos", "ejemploMetodos\ejemploMetodos.csproj", "{4F8B54C9-F7EE-4C7E-A5FD-94F2FB8DA5F1}"
EndProject
Global
	GlobalSection(SolutionConfigurationPlatforms) = preSolution
		Debug|Any CPU = Debug|Any CPU
		Release|Any CPU = Release|Any CPU
	EndGlobalSection
	GlobalSection(ProjectConfigurationPlatforms) = postSolution
		{0B4C82B6-2877-4BA3-99C2-ADDFE780AA93}.Debug|Any CPU.ActiveCfg = Debug|Any CPU
		{0B4C82B6-2877-4BA3-99C2-ADDFE780AA93}.Debug|Any CPU.Build.0 = Debug|Any CPU
		{0B4C82B6-2877-4BA3-99C2-ADDFE780AA93}.Release|Any CPU.ActiveCfg = Release|Any CPU
		{0B4C82B6-2877-4BA3-99C2-ADDFE780AA93}.Release|Any CPU.Build.0 = Release|Any CPU
		{D5757BD1-7E3C-484D-A0E3-42CB60534AF7}.Debug|Any CPU.ActiveCfg = Debug|Any CPU
		{D5757BD1-7E3C-484D-A0E3-42CB60534AF7}.Debug|Any CPU.Build.0 = Debug|Any CPU
		{D5757BD1-7E3C-484D-A0E3-42CB60534AF7}.Release|Any CPU.ActiveCfg = Release|Any CPU
		{D5757BD1-7E3C-484D-A0E3-42CB60534AF7}.Release|Any CPU.Build.0 = Release|Any CPU
		{37E74D2B-31B7-4BEC-B57B-654ED2F0F703}.Debug|Any CPU.ActiveCfg = Debug|Any CPU
		{37E74D2B-31B7-4BEC-B57B-654ED2F0F703}.Debug|Any CPU.Build.0 = Debug|Any CPU
		{37E74D2B-31B7-4BEC-B57B-654ED2F0F703}.Release|Any CPU.ActiveCfg = Release|Any CPU
		{37E74D2B-31B7-4BEC-B57B-654ED2F0F703}.Release|Any CPU.Build.0 = Release|Any CPU
		{4F8B54C9-F7EE-4C7E-A5FD-94F2FB8DA5F1}.Debug|Any CPU.ActiveCfg = Debug|Any CPU
		{4F8B54C9-F7EE-4C7E-A5FD-94F2FB8DA5F1}.Debug|Any CPU.Build.0 = Debug|Any CPU
		{4F8B54C9-F7EE-4C7E-A5FD-94F2FB8DA5F1}.Release|Any CPU.ActiveCfg = Release|Any CPU
		{4F8B54C9-F7EE-4C7E-A5FD-94F2FB8DA5F1}.Release|Any CPU.Build.0 = Release|Any CPU
	EndGlobalSection
	GlobalSection(SolutionProperties) = preSolution
		HideSolutionNode = FALSE
	EndGlobalSection
	GlobalSection(ExtensibilityGlobals) = postSolution
		SolutionGuid = {C56BB526-E9C3-4C71-B9B1-F054C5EA3324}
	EndGlobalSection
EndGlobal
